#
# This file is autogenerated by pip-compile with Python 3.12
# by the following command:
#
#    pip-compile --output-file=requirements.lock requirements.txt
#
aiobreaker==1.2.0
    # via -r requirements.txt
aiodns==3.6.1
    # via -r requirements.txt
aiohappyeyeballs==2.7.1
    # via aiohttp
aiohttp==3.14.1
    # via
    #   -r requirements.txt
    #   aioresponses
aioresponses==0.7.9
    # via -r requirements.txt
aiosignal==1.4.0
    # via aiohttp
aiosmtplib==3.0.2
    # via -r requirements.txt
aiosqlite==0.22.1
    # via -r requirements.txt
annotated-doc==0.0.4
    # via fastapi
annotated-types==0.7.0
    # via pydantic
anyio==4.14.1
    # via
    #   starlette
    #   watchfiles
attrs==26.1.0
    # via aiohttp
autoflake==2.3.3
    # via -r requirements.txt
bcrypt==5.0.0
    # via paramiko
build==1.5.0
    # via pip-tools
certifi==2026.6.17
    # via
    #   curl-cffi
    #   requests
cffi==2.0.0
    # via
    #   cryptography
    #   curl-cffi
    #   pycares
    #   pynacl
charset-normalizer==3.4.7
    # via requests
click==8.4.2
    # via
    #   pip-tools
    #   uvicorn
coverage[toml]==7.14.3
    # via pytest-cov
cryptography==49.0.0
    # via paramiko
curl-cffi==0.15.0
    # via -r requirements.txt
fastapi==0.139.0
    # via -r requirements.txt
flake8==7.3.0
    # via -r requirements.txt
frozenlist==1.8.0
    # via
    #   aiohttp
    #   aiosignal
h11==0.16.0
    # via uvicorn
httptools==0.8.0
    # via uvicorn
idna==3.18
    # via
    #   anyio
    #   requests
    #   yarl
iniconfig==2.3.0
    # via pytest
librt==0.12.0
    # via mypy
markdown-it-py==4.2.0
    # via rich
mccabe==0.7.0
    # via flake8
mdurl==0.1.2
    # via markdown-it-py
multidict==6.7.1
    # via
    #   aiohttp
    #   yarl
mypy==1.20.2
    # via -r requirements.txt
mypy-extensions==1.1.0
    # via mypy
packaging==26.2
    # via
    #   aioresponses
    #   build
    #   pytest
    #   wheel
paramiko==3.5.1
    # via -r requirements.txt
pathspec==1.1.1
    # via mypy
pip-tools==7.5.3
    # via -r requirements.txt
pluggy==1.6.0
    # via pytest
propcache==0.5.2
    # via
    #   aiohttp
    #   yarl
pycares==4.11.0
    # via aiodns
pycodestyle==2.14.0
    # via flake8
pycparser==3.0
    # via cffi
pydantic==2.13.4
    # via
    #   -r requirements.txt
    #   fastapi
    #   pydantic-settings
pydantic-core==2.46.4
    # via pydantic
pydantic-settings==2.14.2
    # via -r requirements.txt
pyflakes==3.4.0
    # via
    #   autoflake
    #   flake8
pygments==2.20.0
    # via
    #   pytest
    #   rich
pynacl==1.6.2
    # via paramiko
pyproject-hooks==1.2.0
    # via
    #   build
    #   pip-tools
pytest==9.1.1
    # via
    #   -r requirements.txt
    #   pytest-asyncio
    #   pytest-cov
pytest-asyncio==1.4.0
    # via -r requirements.txt
pytest-cov==5.0.0
    # via -r requirements.txt
python-dotenv==1.2.2
    # via
    #   -r requirements.txt
    #   pydantic-settings
    #   uvicorn
python-socks[asyncio]==2.8.2
    # via -r requirements.txt
pyyaml==6.0.3
    # via uvicorn
rapidfuzz==3.14.5
    # via -r requirements.txt
requests==2.34.2
    # via -r requirements.txt
rich==15.0.0
    # via curl-cffi
starlette==1.3.1
    # via fastapi
types-requests==2.33.0.20260518
    # via -r requirements.txt
typing-extensions==4.16.0
    # via
    #   aiohttp
    #   aiosignal
    #   anyio
    #   fastapi
    #   mypy
    #   pydantic
    #   pydantic-core
    #   pytest-asyncio
    #   starlette
    #   typing-inspection
typing-inspection==0.4.2
    # via
    #   fastapi
    #   pydantic
    #   pydantic-settings
urllib3==2.7.0
    # via
    #   requests
    #   types-requests
uvicorn[standard]==0.49.0
    # via -r requirements.txt
uvloop==0.22.1
    # via uvicorn
watchfiles==1.2.0
    # via uvicorn
websockets==16.0
    # via uvicorn
wheel==0.47.0
    # via pip-tools
yarl==1.24.2
    # via aiohttp

# The following packages are considered to be unsafe in a requirements file:
# pip
# setuptools
